
Microsoft Visual Studio Solution File, Format Version 12.00
# Visual Studio Version 17
VisualStudioVersion = 17.6.33829.357
MinimumVisualStudioVersion = 10.0.40219.1
Project("{9A19103F-16F7-4668-BE54-9A1E7A4F7556}") = "ScrumBoardApp", "ScrumBoardApp.csproj", "{42339E36-8FC2-4FAB-9627-C804DE9CE6B6}"
EndProject
Project("{FAE04EC0-301F-11D3-BF4B-00C04F79EFBC}") = "ScrumBoardUnitTest", "..\ScrumBoardUnitTest\ScrumBoardUnitTest.csproj", "{465C5FB0-124F-42FE-857D-546147C7925B}"
EndProject
Global
	GlobalSection(SolutionConfigurationPlatforms) = preSolution
		Debug|Any CPU = Debug|Any CPU
		Release|Any CPU = Release|Any CPU
	EndGlobalSection
	GlobalSection(ProjectConfigurationPlatforms) = postSolution
		{42339E36-8FC2-4FAB-9627-C804DE9CE6B6}.Debug|Any CPU.ActiveCfg = Debug|Any CPU
		{42339E36-8FC2-4FAB-9627-C804DE9CE6B6}.Debug|Any CPU.Build.0 = Debug|Any CPU
		{42339E36-8FC2-4FAB-9627-C804DE9CE6B6}.Release|Any CPU.ActiveCfg = Release|Any CPU
		{42339E36-8FC2-4FAB-9627-C804DE9CE6B6}.Release|Any CPU.Build.0 = Release|Any CPU
		{465C5FB0-124F-42FE-857D-546147C7925B}.Debug|Any CPU.ActiveCfg = Debug|Any CPU
		{465C5FB0-124F-42FE-857D-546147C7925B}.Debug|Any CPU.Build.0 = Debug|Any CPU
		{465C5FB0-124F-42FE-857D-546147C7925B}.Release|Any CPU.ActiveCfg = Release|Any CPU
		{465C5FB0-124F-42FE-857D-546147C7925B}.Release|Any CPU.Build.0 = Release|Any CPU
	EndGlobalSection
	GlobalSection(SolutionProperties) = preSolution
		HideSolutionNode = FALSE
	EndGlobalSection
	GlobalSection(ExtensibilityGlobals) = postSolution
		SolutionGuid = {628876D2-CFD3-40F2-B3C5-3EC17E5F7C34}
	EndGlobalSection
EndGlobal
